
Microsoft Visual Studio Solution File, Format Version 12.00
# Visual Studio Version 17
VisualStudioVersion = 17.6.33815.320
MinimumVisualStudioVersion = 10.0.40219.1
Project("{8BC9CEB8-8B4A-11D0-8D11-00A0C91BC942}") = "PrimeFactor", "PrimeFactor.vcxproj", "{33248FE0-C0A4-46A8-A009-663FECFF1EA5}"
EndProject
Project("{2150E333-8FDC-42A3-9474-1A3956D46DE8}") = "솔루션 항목", "솔루션 항목", "{D0C7C482-DDED-42AE-A6E5-B9613BFF76D0}"
	ProjectSection(SolutionItems) = preProject
		.gitignore = .gitignore
	EndProjectSection
EndProject
Global
	GlobalSection(SolutionConfigurationPlatforms) = preSolution
		Debug|x64 = Debug|x64
		Debug|x86 = Debug|x86
		Release|x64 = Release|x64
		Release|x86 = Release|x86
	EndGlobalSection
	GlobalSection(ProjectConfigurationPlatforms) = postSolution
		{33248FE0-C0A4-46A8-A009-663FECFF1EA5}.Debug|x64.ActiveCfg = Debug|x64
		{33248FE0-C0A4-46A8-A009-663FECFF1EA5}.Debug|x64.Build.0 = Debug|x64
		{33248FE0-C0A4-46A8-A009-663FECFF1EA5}.Debug|x86.ActiveCfg = Debug|Win32
		{33248FE0-C0A4-46A8-A009-663FECFF1EA5}.Debug|x86.Build.0 = Debug|Win32
		{33248FE0-C0A4-46A8-A009-663FECFF1EA5}.Release|x64.ActiveCfg = Release|x64
		{33248FE0-C0A4-46A8-A009-663FECFF1EA5}.Release|x64.Build.0 = Release|x64
		{33248FE0-C0A4-46A8-A009-663FECFF1EA5}.Release|x86.ActiveCfg = Release|Win32
		{33248FE0-C0A4-46A8-A009-663FECFF1EA5}.Release|x86.Build.0 = Release|Win32
	EndGlobalSection
	GlobalSection(SolutionProperties) = preSolution
		HideSolutionNode = FALSE
	EndGlobalSection
	GlobalSection(ExtensibilityGlobals) = postSolution
		SolutionGuid = {2B103A55-C104-46AC-85F6-71A9A8AA3A83}
	EndGlobalSection
EndGlobal
